
Microsoft Visual Studio Solution File, Format Version 12.00
# Visual Studio Version 16
VisualStudioVersion = 16.0.31205.134
MinimumVisualStudioVersion = 10.0.40219.1
Project("{FAE04EC0-301F-11D3-BF4B-00C04F79EFBC}") = "SimpleCalculator", "SimpleCalculator\SimpleCalculator.csproj", "{EE020A67-457F-447F-9CDD-677DEC80C660}"
EndProject
Global
	GlobalSection(SolutionConfigurationPlatforms) = preSolution
		Debug|Any CPU = Debug|Any CPU
		Release|Any CPU = Release|Any CPU
	EndGlobalSection
	GlobalSection(ProjectConfigurationPlatforms) = postSolution
		{EE020A67-457F-447F-9CDD-677DEC80C660}.Debug|Any CPU.ActiveCfg = Debug|Any CPU
		{EE020A67-457F-447F-9CDD-677DEC80C660}.Debug|Any CPU.Build.0 = Debug|Any CPU
		{EE020A67-457F-447F-9CDD-677DEC80C660}.Release|Any CPU.ActiveCfg = Release|Any CPU
		{EE020A67-457F-447F-9CDD-677DEC80C660}.Release|Any CPU.Build.0 = Release|Any CPU
	EndGlobalSection
	GlobalSection(SolutionProperties) = preSolution
		HideSolutionNode = FALSE
	EndGlobalSection
	GlobalSection(ExtensibilityGlobals) = postSolution
		SolutionGuid = {F74C02AC-CCFF-42F8-994B-730C2F4FBFEC}
	EndGlobalSection
EndGlobal
